# This file is automatically @generated by Poetry 2.2.1 and should not be changed by hand.

[[package]]
name = "capstone"
version = "6.0.0a5"
description = "Capstone disassembly engine"
optional = false
python-versions = ">=3.8"
groups = ["main"]
files = [
    {file = "capstone-6.0.0a5-cp38-abi3-macosx_10_9_x86_64.whl", hash = "sha256:2d82f08ad53bc5cef99afb4ec795ac48a3b6f60b87b6be59f5cd471f33297590"},
    {file = "capstone-6.0.0a5-cp38-abi3-macosx_11_0_arm64.whl", hash = "sha256:946e9c6d22b71ff223bc673d67bdebb6a29ce0b633663e63748b7c20ee9dfd32"},
    {file = "capstone-6.0.0a5-cp38-abi3-manylinux2014_aarch64.manylinux_2_17_aarch64.manylinux_2_28_aarch64.whl", hash = "sha256:469e8c2103dd55dfa19a257dc51cdeee0b580ef038bd5bc51538939990ca2901"},
    {file = "capstone-6.0.0a5-cp38-abi3-manylinux2014_x86_64.manylinux_2_17_x86_64.manylinux_2_28_x86_64.whl", hash = "sha256:8c75b2596b7fd81a4072fe6ca69d979b13f2e2d503b1743606137314aa7fcb79"},
    {file = "capstone-6.0.0a5-cp38-abi3-musllinux_1_2_aarch64.whl", hash = "sha256:4be0b926f86091044584409e30a9f7415e54dba866fade11b7606ddcaca1015f"},
    {file = "capstone-6.0.0a5-cp38-abi3-musllinux_1_2_x86_64.whl", hash = "sha256:226dfa4c35052d77bc32b15001e5d28e96bd7091b3b90ce1a9d348d8b7d3243a"},
    {file = "capstone-6.0.0a5-cp38-abi3-win_amd64.whl", hash = "sha256:3f72c8a23f2008fea7b00f524b2ce6d1a3792d24c6a98e23e0941614479b8831"},
    {file = "capstone-6.0.0a5-cp38-abi3-win_arm64.whl", hash = "sha256:a39abe2e5c0cbf9f03c78e08ff83cbf36e666a2d84a5030f4259e6a86f80cb0a"},
    {file = "capstone-6.0.0a5.tar.gz", hash = "sha256:8f33b3ec2e2e93998d7bcb1b4d83faf2a2e27ac8516f8b1a945f956bd32d27f7"},
]

[[package]]
name = "unicorn"
version = "2.1.4"
description = "Unicorn CPU emulator engine"
optional = false
python-versions = "!=3.0.*,!=3.1.*,!=3.2.*,!=3.3.*,!=3.4.*,!=3.5.*,!=3.6.*,>=2.7"
groups = ["main"]
files = [
    {file = "unicorn-2.1.4-cp37-abi3-macosx_10_9_x86_64.whl", hash = "sha256:2a6f738fab5fabffa56af1e7bbf16ea1e91466c342f8dc64f125bd70f36c6b80"},
    {file = "unicorn-2.1.4-cp37-abi3-macosx_11_0_arm64.whl", hash = "sha256:d6c93e0f60328d8f4a1792af3f834137a28050fcc2305f2ec01efe8558a9844e"},
    {file = "unicorn-2.1.4-cp37-abi3-manylinux_2_17_aarch64.manylinux2014_aarch64.whl", hash = "sha256:bd1fb0c9af5f57e356d8a96928b4fe045b2e18f308ef23b481d5f970008aa722"},
    {file = "unicorn-2.1.4-cp37-abi3-manylinux_2_17_i686.manylinux2014_i686.whl", hash = "sha256:8f4e63b76ac4faa7cd32a4c436e96eabc24b91d52e73bde7699ec886bddf9277"},
    {file = "unicorn-2.1.4-cp37-abi3-manylinux_2_17_x86_64.manylinux2014_x86_64.whl", hash = "sha256:9d6e6dea140560de4ebd8446661f7ef84a357d428c14a3ef09dacd306ec8c239"},
    {file = "unicorn-2.1.4-cp37-abi3-musllinux_1_2_aarch64.whl", hash = "sha256:01d744ba01c5cc68f1d7afe3d183f1868720fd440ec4eaedc4d1d5d9bf54b84c"},
    {file = "unicorn-2.1.4-cp37-abi3-musllinux_1_2_i686.whl", hash = "sha256:ce5c3bfd05f2a5749a0d8a960e1dfc26519a2d09377dc01cfa1378b936a953f8"},
    {file = "unicorn-2.1.4-cp37-abi3-musllinux_1_2_x86_64.whl", hash = "sha256:d348a90ee90219d141cb115ef8ed7e3fd1af42afaee105f7580761d775b25e32"},
    {file = "unicorn-2.1.4-cp37-abi3-win32.whl", hash = "sha256:9be89e69be5e2631299f39a7fb8e47b8d3bfaa70ae746e9c4c5f9476a2df9778"},
    {file = "unicorn-2.1.4-cp37-abi3-win_amd64.whl", hash = "sha256:d7107500c64ce5c168fbff6bef9485b5db1350050036f4cea568650cf8bdbdf5"},
    {file = "unicorn-2.1.4-py2-none-macosx_10_9_x86_64.whl", hash = "sha256:8687ec8f83cd40201ac7de3c52f7538754e61b5245c651a019711c7289ee26a4"},
    {file = "unicorn-2.1.4-py2-none-macosx_11_0_arm64.whl", hash = "sha256:8a7a94e67ce277c63112afa06640862b6c7395b8d42aec38f7a61a96c4b1658e"},
    {file = "unicorn-2.1.4-py2-none-manylinux2014_aarch64.manylinux_2_17_aarch64.whl", hash = "sha256:02630b1693f265d53cb6463334f81f23d96f5f58dd0602334e891302af738159"},
    {file = "unicorn-2.1.4-py2-none-manylinux2014_i686.manylinux_2_17_i686.whl", hash = "sha256:cec2b7d3c407140ca9816e050c881b3fde7bf553e38169b7c52a2ce6719c9f43"},
    {file = "unicorn-2.1.4-py2-none-manylinux2014_x86_64.manylinux_2_17_x86_64.whl", hash = "sha256:a445476fff91e636b812d35ff1b0fb07f39ceaec0b3a86d246f7d431ff7766b3"},
    {file = "unicorn-2.1.4-py2-none-musllinux_1_2_aarch64.whl", hash = "sha256:35ac021ead8c992b15a511be73bf703429e5d346136ae38e6307c3d852655341"},
    {file = "unicorn-2.1.4-py2-none-musllinux_1_2_i686.whl", hash = "sha256:7eed9406a0503e91a2fecb250937aeb55291b2a3b9b51d23a39e7fc0be9a30d7"},
    {file = "unicorn-2.1.4-py2-none-musllinux_1_2_x86_64.whl", hash = "sha256:73d2eb557cc0255f18c55b15951c46dff1c07f996588df4cea1b1bdc5d69b184"},
    {file = "unicorn-2.1.4-py2-none-win32.whl", hash = "sha256:6c9fffa46935bbd2d30db7f7ac6c5c809d3b512bcbdb53ced9796e27b27d6157"},
    {file = "unicorn-2.1.4-py2-none-win_amd64.whl", hash = "sha256:c1d53d2416d270cf8a6a6e38c2530ca436494d6c7f4377a03d5eb07b25d8dc27"},
    {file = "unicorn-2.1.4.tar.gz", hash = "sha256:00567a70e323f749b419cd86bee4f9115beab7ebba32194581c090cbb7c59cff"},
]

[package.extras]
test = ["capstone (==5.0.1) ; python_version <= \"3.7\"", "capstone (==6.0.0a2) ; python_version > \"3.7\""]

[metadata]
lock-version = "2.1"
python-versions = ">=3.13"
content-hash = "0da10285a57a6367b77e6cf68bd8c8cb88f925263a62a3f8d09f64a5933368e4"
